
Microsoft Visual Studio Solution File, Format Version 12.00
# Visual Studio 2012
Project("{FAE04EC0-301F-11D3-BF4B-00C04F79EFBC}") = "SoftwareRenderer", "SoftwareRenderer\SoftwareRenderer.csproj", "{80E66829-EECE-44A3-85D1-2D0CD6434AC5}"
EndProject
Global
	GlobalSection(SolutionConfigurationPlatforms) = preSolution
		Debug|x86 = Debug|x86
		Release|x86 = Release|x86
	EndGlobalSection
	GlobalSection(ProjectConfigurationPlatforms) = postSolution
		{80E66829-EECE-44A3-85D1-2D0CD6434AC5}.Debug|x86.ActiveCfg = Debug|x86
		{80E66829-EECE-44A3-85D1-2D0CD6434AC5}.Debug|x86.Build.0 = Debug|x86
		{80E66829-EECE-44A3-85D1-2D0CD6434AC5}.Release|x86.ActiveCfg = Release|x86
		{80E66829-EECE-44A3-85D1-2D0CD6434AC5}.Release|x86.Build.0 = Release|x86
	EndGlobalSection
EndGlobal
